
Microsoft Visual Studio Solution File, Format Version 12.00
# Visual Studio Version 16
VisualStudioVersion = 16.0.28822.285
MinimumVisualStudioVersion = 10.0.40219.1
Project("{FAE04EC0-301F-11D3-BF4B-00C04F79EFBC}") = "Cyclehack-june-2019", "Cyclehack-june-2019\Cyclehack-june-2019.csproj", "{82C8C01D-A12A-4669-9C17-CAE3BDEE7469}"
EndProject
Project("{FAE04EC0-301F-11D3-BF4B-00C04F79EFBC}") = "Bergmania.Collab", "Bergmania.Collab\Bergmania.Collab.csproj", "{4AE1FC64-55C7-4213-A6B6-E595257D9521}"
EndProject
Global
	GlobalSection(SolutionConfigurationPlatforms) = preSolution
		Debug|Any CPU = Debug|Any CPU
		Release|Any CPU = Release|Any CPU
	EndGlobalSection
	GlobalSection(ProjectConfigurationPlatforms) = postSolution
		{82C8C01D-A12A-4669-9C17-CAE3BDEE7469}.Debug|Any CPU.ActiveCfg = Debug|Any CPU
		{82C8C01D-A12A-4669-9C17-CAE3BDEE7469}.Debug|Any CPU.Build.0 = Debug|Any CPU
		{82C8C01D-A12A-4669-9C17-CAE3BDEE7469}.Release|Any CPU.ActiveCfg = Release|Any CPU
		{82C8C01D-A12A-4669-9C17-CAE3BDEE7469}.Release|Any CPU.Build.0 = Release|Any CPU
		{4AE1FC64-55C7-4213-A6B6-E595257D9521}.Debug|Any CPU.ActiveCfg = Debug|Any CPU
		{4AE1FC64-55C7-4213-A6B6-E595257D9521}.Debug|Any CPU.Build.0 = Debug|Any CPU
		{4AE1FC64-55C7-4213-A6B6-E595257D9521}.Release|Any CPU.ActiveCfg = Release|Any CPU
		{4AE1FC64-55C7-4213-A6B6-E595257D9521}.Release|Any CPU.Build.0 = Release|Any CPU
	EndGlobalSection
	GlobalSection(SolutionProperties) = preSolution
		HideSolutionNode = FALSE
	EndGlobalSection
	GlobalSection(ExtensibilityGlobals) = postSolution
		SolutionGuid = {7FB79D71-F5B9-481A-B06E-72C92BD333B7}
	EndGlobalSection
EndGlobal
